# This file is automatically @generated by Cargo.
# It is not intended for manual editing.
version = 3

[[package]]
name = "application"
version = "0.1.0"
dependencies = [
 "impl-a",
 "impl-b",
]

[[package]]
name = "dep-with-features"
version = "0.1.0"

[[package]]
name = "impl-a"
version = "0.1.0"
dependencies = [
 "dep-with-features",
]

[[package]]
name = "impl-b"
version = "0.1.0"
dependencies = [
 "dep-with-features",
]
